{
	"name": "pinata-starter",
	"version": "0.2.0",
	"lockfileVersion": 3,
	"requires": true,
	"packages": {
		"": {
			"name": "pinata-starter",
			"version": "0.2.0",
			"dependencies": {
				"@auth0/nextjs-auth0": "^3.6.0",
				"axios": "^1.7.9",
				"form-data": "^4.0.1",
				"next": "^14.2.23",
				"pinata": "^0.1.10",
				"react": "^18",
				"react-dom": "^18",
				"react-router-dom": "^7.1.5"
			},
			"devDependencies": {
				"@types/node": "^20",
				"@types/react": "^18",
				"@types/react-dom": "^18",
				"autoprefixer": "^10.4.20",
				"postcss": "^8.5.1",
				"tailwindcss": "^4.0.5",
				"typescript": "^5"
			}
		},
		"node_modules/@auth0/nextjs-auth0": {
			"version": "3.6.0",
			"resolved": "https://registry.npmjs.org/@auth0/nextjs-auth0/-/nextjs-auth0-3.6.0.tgz",
			"integrity": "sha512-d29jmwmmmhQKJBrdBHQNlBf4rZLH/qz1522cyf8HQTGQYXqHRLh+X1KOG0FyNkao2GN4Xnb856/o1XIlPt5ELQ==",
			"license": "MIT",
			"dependencies": {
				"@panva/hkdf": "^1.0.2",
				"cookie": "^0.7.1",
				"debug": "^4.3.4",
				"joi": "^17.6.0",
				"jose": "^4.9.2",
				"oauth4webapi": "^2.3.0",
				"openid-client": "^5.2.1",
				"tslib": "^2.4.0",
				"url-join": "^4.0.1"
			},
			"engines": {
				"node": ">=16"
			},
			"peerDependencies": {
				"next": ">=10"
			}
		},
		"node_modules/@auth0/nextjs-auth0/node_modules/cookie": {
			"version": "0.7.2",
			"resolved": "https://registry.npmjs.org/cookie/-/cookie-0.7.2.tgz",
			"integrity": "sha512-yki5XnKuf750l50uGTllt6kKILY4nQ1eNIQatoXEByZ5dWgnKqbnqmTrBE5B4N7lrMJKQ2ytWMiTO2o0v6Ew/w==",
			"license": "MIT",
			"engines": {
				"node": ">= 0.6"
			}
		},
		"node_modules/@chainsafe/is-ip": {
			"version": "2.0.2",
			"resolved": "https://registry.npmjs.org/@chainsafe/is-ip/-/is-ip-2.0.2.tgz",
			"integrity": "sha512-ndGqEMG1W5WkGagaqOZHpPU172AGdxr+LD15sv3WIUvT5oCFUrG1Y0CW/v2Egwj4JXEvSibaIIIqImsm98y1nA==",
			"license": "MIT"
		},
		"node_modules/@chainsafe/netmask": {
			"version": "2.0.0",
			"resolved": "https://registry.npmjs.org/@chainsafe/netmask/-/netmask-2.0.0.tgz",
			"integrity": "sha512-I3Z+6SWUoaljh3TBzCnCxjlUyN8tA+NAk5L6m9IxvCf1BENQTePzPMis97CoN/iMW1St3WN+AWCCRp+TTBRiDg==",
			"license": "MIT",
			"dependencies": {
				"@chainsafe/is-ip": "^2.0.1"
			}
		},
		"node_modules/@hapi/hoek": {
			"version": "9.3.0",
			"resolved": "https://registry.npmjs.org/@hapi/hoek/-/hoek-9.3.0.tgz",
			"integrity": "sha512-/c6rf4UJlmHlC9b5BaNvzAcFv7HZ2QHaV0D4/HNlBdvFnvQq8RI4kYdhyPCl7Xj+oWvTWQ8ujhqS53LIgAe6KQ==",
			"license": "BSD-3-Clause"
		},
		"node_modules/@hapi/topo": {
			"version": "5.1.0",
			"resolved": "https://registry.npmjs.org/@hapi/topo/-/topo-5.1.0.tgz",
			"integrity": "sha512-foQZKJig7Ob0BMAYBfcJk8d77QtOe7Wo4ox7ff1lQYoNNAb6jwcY1ncdoy2e9wQZzvNy7ODZCYJkK8kzmcAnAg==",
			"license": "BSD-3-Clause",
			"dependencies": {
				"@hapi/hoek": "^9.0.0"
			}
		},
		"node_modules/@leichtgewicht/ip-codec": {
			"version": "2.0.5",
			"resolved": "https://registry.npmjs.org/@leichtgewicht/ip-codec/-/ip-codec-2.0.5.tgz",
			"integrity": "sha512-Vo+PSpZG2/fmgmiNzYK9qWRh8h/CHrwD0mo1h1DzL4yzHNSfWYujGTYsWGreD000gcgmZ7K4Ys6Tx9TxtsKdDw==",
			"license": "MIT"
		},
		"node_modules/@libp2p/interface": {
			"version": "1.6.3",
			"resolved": "https://registry.npmjs.org/@libp2p/interface/-/interface-1.6.3.tgz",
			"integrity": "sha512-Tm8W5Q2FsjcSdeA5BvP/GTUq/lp3SjeW6GPmWbbIasBJdv67UGHahu8YDFTME90IxTijnikkfGNkOPsd/4UuvA==",
			"license": "Apache-2.0 OR MIT",
			"dependencies": {
				"@multiformats/multiaddr": "^12.2.3",
				"it-pushable": "^3.2.3",
				"it-stream-types": "^2.0.1",
				"multiformats": "^13.1.0",
				"progress-events": "^1.0.0",
				"uint8arraylist": "^2.4.8"
			}
		},
		"node_modules/@multiformats/dns": {
			"version": "1.0.6",
			"resolved": "https://registry.npmjs.org/@multiformats/dns/-/dns-1.0.6.tgz",
			"integrity": "sha512-nt/5UqjMPtyvkG9BQYdJ4GfLK3nMqGpFZOzf4hAmIa0sJh2LlS9YKXZ4FgwBDsaHvzZqR/rUFIywIc7pkHNNuw==",
			"license": "Apache-2.0 OR MIT",
			"dependencies": {
				"@types/dns-packet": "^5.6.5",
				"buffer": "^6.0.3",
				"dns-packet": "^5.6.1",
				"hashlru": "^2.3.0",
				"p-queue": "^8.0.1",
				"progress-events": "^1.0.0",
				"uint8arrays": "^5.0.2"
			}
		},
		"node_modules/@multiformats/mafmt": {
			"version": "12.1.6",
			"resolved": "https://registry.npmjs.org/@multiformats/mafmt/-/mafmt-12.1.6.tgz",
			"integrity": "sha512-tlJRfL21X+AKn9b5i5VnaTD6bNttpSpcqwKVmDmSHLwxoz97fAHaepqFOk/l1fIu94nImIXneNbhsJx/RQNIww==",
			"license": "Apache-2.0 OR MIT",
			"dependencies": {
				"@multiformats/multiaddr": "^12.0.0"
			}
		},
		"node_modules/@multiformats/multiaddr": {
			"version": "12.3.0",
			"resolved": "https://registry.npmjs.org/@multiformats/multiaddr/-/multiaddr-12.3.0.tgz",
			"integrity": "sha512-JQ8Gc/jgucqqvEaDTFN/AvxlYDHEE7lgEWLMYW7hKZkWggER+GvG/tVxUgUxIP8M0vFpvEHKKHE0lKzyMsgi8Q==",
			"license": "Apache-2.0 OR MIT",
			"dependencies": {
				"@chainsafe/is-ip": "^2.0.1",
				"@chainsafe/netmask": "^2.0.0",
				"@libp2p/interface": "^1.0.0",
				"@multiformats/dns": "^1.0.3",
				"multiformats": "^13.0.0",
				"uint8-varint": "^2.0.1",
				"uint8arrays": "^5.0.0"
			}
		},
		"node_modules/@next/env": {
			"version": "14.2.23",
			"resolved": "https://registry.npmjs.org/@next/env/-/env-14.2.23.tgz",
			"integrity": "sha512-CysUC9IO+2Bh0omJ3qrb47S8DtsTKbFidGm6ow4gXIG6reZybqxbkH2nhdEm1tC8SmgzDdpq3BIML0PWsmyUYA=="
		},
		"node_modules/@next/swc-darwin-arm64": {
			"version": "14.2.23",
			"resolved": "https://registry.npmjs.org/@next/swc-darwin-arm64/-/swc-darwin-arm64-14.2.23.tgz",
			"integrity": "sha512-WhtEntt6NcbABA8ypEoFd3uzq5iAnrl9AnZt9dXdO+PZLACE32z3a3qA5OoV20JrbJfSJ6Sd6EqGZTrlRnGxQQ==",
			"cpu": [
				"arm64"
			],
			"optional": true,
			"os": [
				"darwin"
			],
			"engines": {
				"node": ">= 10"
			}
		},
		"node_modules/@next/swc-darwin-x64": {
			"version": "14.2.23",
			"resolved": "https://registry.npmjs.org/@next/swc-darwin-x64/-/swc-darwin-x64-14.2.23.tgz",
			"integrity": "sha512-vwLw0HN2gVclT/ikO6EcE+LcIN+0mddJ53yG4eZd0rXkuEr/RnOaMH8wg/sYl5iz5AYYRo/l6XX7FIo6kwbw1Q==",
			"cpu": [
				"x64"
			],
			"optional": true,
			"os": [
				"darwin"
			],
			"engines": {
				"node": ">= 10"
			}
		},
		"node_modules/@next/swc-linux-arm64-gnu": {
			"version": "14.2.23",
			"resolved": "https://registry.npmjs.org/@next/swc-linux-arm64-gnu/-/swc-linux-arm64-gnu-14.2.23.tgz",
			"integrity": "sha512-uuAYwD3At2fu5CH1wD7FpP87mnjAv4+DNvLaR9kiIi8DLStWSW304kF09p1EQfhcbUI1Py2vZlBO2VaVqMRtpg==",
			"cpu": [
				"arm64"
			],
			"optional": true,
			"os": [
				"linux"
			],
			"engines": {
				"node": ">= 10"
			}
		},
		"node_modules/@next/swc-linux-arm64-musl": {
			"version": "14.2.23",
			"resolved": "https://registry.npmjs.org/@next/swc-linux-arm64-musl/-/swc-linux-arm64-musl-14.2.23.tgz",
			"integrity": "sha512-Mm5KHd7nGgeJ4EETvVgFuqKOyDh+UMXHXxye6wRRFDr4FdVRI6YTxajoV2aHE8jqC14xeAMVZvLqYqS7isHL+g==",
			"cpu": [
				"arm64"
			],
			"optional": true,
			"os": [
				"linux"
			],
			"engines": {
				"node": ">= 10"
			}
		},
		"node_modules/@next/swc-linux-x64-gnu": {
			"version": "14.2.23",
			"resolved": "https://registry.npmjs.org/@next/swc-linux-x64-gnu/-/swc-linux-x64-gnu-14.2.23.tgz",
			"integrity": "sha512-Ybfqlyzm4sMSEQO6lDksggAIxnvWSG2cDWnG2jgd+MLbHYn2pvFA8DQ4pT2Vjk3Cwrv+HIg7vXJ8lCiLz79qoQ==",
			"cpu": [
				"x64"
			],
			"optional": true,
			"os": [
				"linux"
			],
			"engines": {
				"node": ">= 10"
			}
		},
		"node_modules/@next/swc-linux-x64-musl": {
			"version": "14.2.23",
			"resolved": "https://registry.npmjs.org/@next/swc-linux-x64-musl/-/swc-linux-x64-musl-14.2.23.tgz",
			"integrity": "sha512-OSQX94sxd1gOUz3jhhdocnKsy4/peG8zV1HVaW6DLEbEmRRtUCUQZcKxUD9atLYa3RZA+YJx+WZdOnTkDuNDNA==",
			"cpu": [
				"x64"
			],
			"optional": true,
			"os": [
				"linux"
			],
			"engines": {
				"node": ">= 10"
			}
		},
		"node_modules/@next/swc-win32-arm64-msvc": {
			"version": "14.2.23",
			"resolved": "https://registry.npmjs.org/@next/swc-win32-arm64-msvc/-/swc-win32-arm64-msvc-14.2.23.tgz",
			"integrity": "sha512-ezmbgZy++XpIMTcTNd0L4k7+cNI4ET5vMv/oqNfTuSXkZtSA9BURElPFyarjjGtRgZ9/zuKDHoMdZwDZIY3ehQ==",
			"cpu": [
				"arm64"
			],
			"optional": true,
			"os": [
				"win32"
			],
			"engines": {
				"node": ">= 10"
			}
		},
		"node_modules/@next/swc-win32-ia32-msvc": {
			"version": "14.2.23",
			"resolved": "https://registry.npmjs.org/@next/swc-win32-ia32-msvc/-/swc-win32-ia32-msvc-14.2.23.tgz",
			"integrity": "sha512-zfHZOGguFCqAJ7zldTKg4tJHPJyJCOFhpoJcVxKL9BSUHScVDnMdDuOU1zPPGdOzr/GWxbhYTjyiEgLEpAoFPA==",
			"cpu": [
				"ia32"
			],
			"optional": true,
			"os": [
				"win32"
			],
			"engines": {
				"node": ">= 10"
			}
		},
		"node_modules/@next/swc-win32-x64-msvc": {
			"version": "14.2.23",
			"resolved": "https://registry.npmjs.org/@next/swc-win32-x64-msvc/-/swc-win32-x64-msvc-14.2.23.tgz",
			"integrity": "sha512-xCtq5BD553SzOgSZ7UH5LH+OATQihydObTrCTvVzOro8QiWYKdBVwcB2Mn2MLMo6DGW9yH1LSPw7jS7HhgJgjw==",
			"cpu": [
				"x64"
			],
			"optional": true,
			"os": [
				"win32"
			],
			"engines": {
				"node": ">= 10"
			}
		},
		"node_modules/@panva/hkdf": {
			"version": "1.2.1",
			"resolved": "https://registry.npmjs.org/@panva/hkdf/-/hkdf-1.2.1.tgz",
			"integrity": "sha512-6oclG6Y3PiDFcoyk8srjLfVKyMfVCKJ27JwNPViuXziFpmdz+MZnZN/aKY0JGXgYuO/VghU0jcOAZgWXZ1Dmrw==",
			"license": "MIT",
			"funding": {
				"url": "https://github.com/sponsors/panva"
			}
		},
		"node_modules/@sideway/address": {
			"version": "4.1.5",
			"resolved": "https://registry.npmjs.org/@sideway/address/-/address-4.1.5.tgz",
			"integrity": "sha512-IqO/DUQHUkPeixNQ8n0JA6102hT9CmaljNTPmQ1u8MEhBo/R4Q8eKLN/vGZxuebwOroDB4cbpjheD4+/sKFK4Q==",
			"license": "BSD-3-Clause",
			"dependencies": {
				"@hapi/hoek": "^9.0.0"
			}
		},
		"node_modules/@sideway/formula": {
			"version": "3.0.1",
			"resolved": "https://registry.npmjs.org/@sideway/formula/-/formula-3.0.1.tgz",
			"integrity": "sha512-/poHZJJVjx3L+zVD6g9KgHfYnb443oi7wLu/XKojDviHy6HOEOA6z1Trk5aR1dGcmPenJEgb2sK2I80LeS3MIg==",
			"license": "BSD-3-Clause"
		},
		"node_modules/@sideway/pinpoint": {
			"version": "2.0.0",
			"resolved": "https://registry.npmjs.org/@sideway/pinpoint/-/pinpoint-2.0.0.tgz",
			"integrity": "sha512-RNiOoTPkptFtSVzQevY/yWtZwf/RxyVnPy/OcA9HBM3MlGDnBEYL5B41H0MTn0Uec8Hi+2qUtTfG2WWZBmMejQ==",
			"license": "BSD-3-Clause"
		},
		"node_modules/@swc/counter": {
			"version": "0.1.3",
			"resolved": "https://registry.npmjs.org/@swc/counter/-/counter-0.1.3.tgz",
			"integrity": "sha512-e2BR4lsJkkRlKZ/qCHPw9ZaSxc0MVUd7gtbtaB7aMvHeJVYe8sOB8DBZkP2DtISHGSku9sCK6T6cnY0CtXrOCQ==",
			"license": "Apache-2.0"
		},
		"node_modules/@swc/helpers": {
			"version": "0.5.5",
			"resolved": "https://registry.npmjs.org/@swc/helpers/-/helpers-0.5.5.tgz",
			"integrity": "sha512-KGYxvIOXcceOAbEk4bi/dVLEK9z8sZ0uBB3Il5b1rhfClSpcX0yfRO0KmTkqR2cnQDymwLB+25ZyMzICg/cm/A==",
			"license": "Apache-2.0",
			"dependencies": {
				"@swc/counter": "^0.1.3",
				"tslib": "^2.4.0"
			}
		},
		"node_modules/@types/cookie": {
			"version": "0.6.0",
			"resolved": "https://registry.npmjs.org/@types/cookie/-/cookie-0.6.0.tgz",
			"integrity": "sha512-4Kh9a6B2bQciAhf7FSuMRRkUWecJgJu9nPnx3yzpsfXX/c50REIqpHY4C82bXP90qrLtXtkDxTZosYO3UpOwlA==",
			"license": "MIT"
		},
		"node_modules/@types/dns-packet": {
			"version": "5.6.5",
			"resolved": "https://registry.npmjs.org/@types/dns-packet/-/dns-packet-5.6.5.tgz",
			"integrity": "sha512-qXOC7XLOEe43ehtWJCMnQXvgcIpv6rPmQ1jXT98Ad8A3TB1Ue50jsCbSSSyuazScEuZ/Q026vHbrOTVkmwA+7Q==",
			"license": "MIT",
			"dependencies": {
				"@types/node": "*"
			}
		},
		"node_modules/@types/node": {
			"version": "20.14.14",
			"resolved": "https://registry.npmjs.org/@types/node/-/node-20.14.14.tgz",
			"integrity": "sha512-d64f00982fS9YoOgJkAMolK7MN8Iq3TDdVjchbYHdEmjth/DHowx82GnoA+tVUAN+7vxfYUgAzi+JXbKNd2SDQ==",
			"license": "MIT",
			"dependencies": {
				"undici-types": "~5.26.4"
			}
		},
		"node_modules/@types/prop-types": {
			"version": "15.7.12",
			"resolved": "https://registry.npmjs.org/@types/prop-types/-/prop-types-15.7.12.tgz",
			"integrity": "sha512-5zvhXYtRNRluoE/jAp4GVsSduVUzNWKkOZrCDBWYtE7biZywwdC2AcEzg+cSMLFRfVgeAFqpfNabiPjxFddV1Q==",
			"dev": true,
			"license": "MIT"
		},
		"node_modules/@types/react": {
			"version": "18.3.3",
			"resolved": "https://registry.npmjs.org/@types/react/-/react-18.3.3.tgz",
			"integrity": "sha512-hti/R0pS0q1/xx+TsI73XIqk26eBsISZ2R0wUijXIngRK9R/e7Xw/cXVxQK7R5JjW+SV4zGcn5hXjudkN/pLIw==",
			"dev": true,
			"license": "MIT",
			"dependencies": {
				"@types/prop-types": "*",
				"csstype": "^3.0.2"
			}
		},
		"node_modules/@types/react-dom": {
			"version": "18.3.0",
			"resolved": "https://registry.npmjs.org/@types/react-dom/-/react-dom-18.3.0.tgz",
			"integrity": "sha512-EhwApuTmMBmXuFOikhQLIBUn6uFg81SwLMOAUgodJF14SOBOCMdU04gDoYi0WOJJHD144TL32z4yDqCW3dnkQg==",
			"dev": true,
			"license": "MIT",
			"dependencies": {
				"@types/react": "*"
			}
		},
		"node_modules/asynckit": {
			"version": "0.4.0",
			"resolved": "https://registry.npmjs.org/asynckit/-/asynckit-0.4.0.tgz",
			"integrity": "sha512-Oei9OH4tRh0YqU3GxhX79dM/mwVgvbZJaSNaRk+bshkj0S5cfHcgYakreBjrHwatXKbz+IoIdYLxrKim2MjW0Q==",
			"license": "MIT"
		},
		"node_modules/autoprefixer": {
			"version": "10.4.20",
			"resolved": "https://registry.npmjs.org/autoprefixer/-/autoprefixer-10.4.20.tgz",
			"integrity": "sha512-XY25y5xSv/wEoqzDyXXME4AFfkZI0P23z6Fs3YgymDnKJkCGOnkL0iTxCa85UTqaSgfcqyf3UA6+c7wUvx/16g==",
			"dev": true,
			"funding": [
				{
					"type": "opencollective",
					"url": "https://opencollective.com/postcss/"
				},
				{
					"type": "tidelift",
					"url": "https://tidelift.com/funding/github/npm/autoprefixer"
				},
				{
					"type": "github",
					"url": "https://github.com/sponsors/ai"
				}
			],
			"license": "MIT",
			"dependencies": {
				"browserslist": "^4.23.3",
				"caniuse-lite": "^1.0.30001646",
				"fraction.js": "^4.3.7",
				"normalize-range": "^0.1.2",
				"picocolors": "^1.0.1",
				"postcss-value-parser": "^4.2.0"
			},
			"bin": {
				"autoprefixer": "bin/autoprefixer"
			},
			"engines": {
				"node": "^10 || ^12 || >=14"
			},
			"peerDependencies": {
				"postcss": "^8.1.0"
			}
		},
		"node_modules/axios": {
			"version": "1.7.9",
			"resolved": "https://registry.npmjs.org/axios/-/axios-1.7.9.tgz",
			"integrity": "sha512-LhLcE7Hbiryz8oMDdDptSrWowmB4Bl6RCt6sIJKpRB4XtVf0iEgewX3au/pJqm+Py1kCASkb/FFKjxQaLtxJvw==",
			"license": "MIT",
			"dependencies": {
				"follow-redirects": "^1.15.6",
				"form-data": "^4.0.0",
				"proxy-from-env": "^1.1.0"
			}
		},
		"node_modules/base64-js": {
			"version": "1.5.1",
			"resolved": "https://registry.npmjs.org/base64-js/-/base64-js-1.5.1.tgz",
			"integrity": "sha512-AKpaYlHn8t4SVbOHCy+b5+KKgvR4vrsD8vbvrbiQJps7fKDTkjkDry6ji0rUJjC0kzbNePLwzxq8iypo41qeWA==",
			"funding": [
				{
					"type": "github",
					"url": "https://github.com/sponsors/feross"
				},
				{
					"type": "patreon",
					"url": "https://www.patreon.com/feross"
				},
				{
					"type": "consulting",
					"url": "https://feross.org/support"
				}
			],
			"license": "MIT"
		},
		"node_modules/browserslist": {
			"version": "4.24.4",
			"resolved": "https://registry.npmjs.org/browserslist/-/browserslist-4.24.4.tgz",
			"integrity": "sha512-KDi1Ny1gSePi1vm0q4oxSF8b4DR44GF4BbmS2YdhPLOEqd8pDviZOGH/GsmRwoWJ2+5Lr085X7naowMwKHDG1A==",
			"dev": true,
			"funding": [
				{
					"type": "opencollective",
					"url": "https://opencollective.com/browserslist"
				},
				{
					"type": "tidelift",
					"url": "https://tidelift.com/funding/github/npm/browserslist"
				},
				{
					"type": "github",
					"url": "https://github.com/sponsors/ai"
				}
			],
			"license": "MIT",
			"dependencies": {
				"caniuse-lite": "^1.0.30001688",
				"electron-to-chromium": "^1.5.73",
				"node-releases": "^2.0.19",
				"update-browserslist-db": "^1.1.1"
			},
			"bin": {
				"browserslist": "cli.js"
			},
			"engines": {
				"node": "^6 || ^7 || ^8 || ^9 || ^10 || ^11 || ^12 || >=13.7"
			}
		},
		"node_modules/buffer": {
			"version": "6.0.3",
			"resolved": "https://registry.npmjs.org/buffer/-/buffer-6.0.3.tgz",
			"integrity": "sha512-FTiCpNxtwiZZHEZbcbTIcZjERVICn9yq/pDFkTl95/AxzD1naBctN7YO68riM/gLSDY7sdrMby8hofADYuuqOA==",
			"funding": [
				{
					"type": "github",
					"url": "https://github.com/sponsors/feross"
				},
				{
					"type": "patreon",
					"url": "https://www.patreon.com/feross"
				},
				{
					"type": "consulting",
					"url": "https://feross.org/support"
				}
			],
			"license": "MIT",
			"dependencies": {
				"base64-js": "^1.3.1",
				"ieee754": "^1.2.1"
			}
		},
		"node_modules/busboy": {
			"version": "1.6.0",
			"resolved": "https://registry.npmjs.org/busboy/-/busboy-1.6.0.tgz",
			"integrity": "sha512-8SFQbg/0hQ9xy3UNTB0YEnsNBbWfhf7RtnzpL7TkBiTBRfrQ9Fxcnz7VJsleJpyp6rVLvXiuORqjlHi5q+PYuA==",
			"dependencies": {
				"streamsearch": "^1.1.0"
			},
			"engines": {
				"node": ">=10.16.0"
			}
		},
		"node_modules/caniuse-lite": {
			"version": "1.0.30001698",
			"resolved": "https://registry.npmjs.org/caniuse-lite/-/caniuse-lite-1.0.30001698.tgz",
			"integrity": "sha512-xJ3km2oiG/MbNU8G6zIq6XRZ6HtAOVXsbOrP/blGazi52kc5Yy7b6sDA5O+FbROzRrV7BSTllLHuNvmawYUJjw==",
			"funding": [
				{
					"type": "opencollective",
					"url": "https://opencollective.com/browserslist"
				},
				{
					"type": "tidelift",
					"url": "https://tidelift.com/funding/github/npm/caniuse-lite"
				},
				{
					"type": "github",
					"url": "https://github.com/sponsors/ai"
				}
			],
			"license": "CC-BY-4.0"
		},
		"node_modules/client-only": {
			"version": "0.0.1",
			"resolved": "https://registry.npmjs.org/client-only/-/client-only-0.0.1.tgz",
			"integrity": "sha512-IV3Ou0jSMzZrd3pZ48nLkT9DA7Ag1pnPzaiQhpW7c3RbcqqzvzzVu+L8gfqMp/8IM2MQtSiqaCxrrcfu8I8rMA==",
			"license": "MIT"
		},
		"node_modules/combined-stream": {
			"version": "1.0.8",
			"resolved": "https://registry.npmjs.org/combined-stream/-/combined-stream-1.0.8.tgz",
			"integrity": "sha512-FQN4MRfuJeHf7cBbBMJFXhKSDq+2kAArBlmRBvcvFE5BB1HZKXtSFASDhdlz9zOYwxh8lDdnvmMOe/+5cdoEdg==",
			"license": "MIT",
			"dependencies": {
				"delayed-stream": "~1.0.0"
			},
			"engines": {
				"node": ">= 0.8"
			}
		},
		"node_modules/cookie": {
			"version": "1.0.2",
			"resolved": "https://registry.npmjs.org/cookie/-/cookie-1.0.2.tgz",
			"integrity": "sha512-9Kr/j4O16ISv8zBBhJoi4bXOYNTkFLOqSL3UDB0njXxCXNezjeyVrJyGOWtgfs/q2km1gwBcfH8q1yEGoMYunA==",
			"license": "MIT",
			"engines": {
				"node": ">=18"
			}
		},
		"node_modules/csstype": {
			"version": "3.1.3",
			"resolved": "https://registry.npmjs.org/csstype/-/csstype-3.1.3.tgz",
			"integrity": "sha512-M1uQkMl8rQK/szD0LNhtqxIPLpimGm8sOBwU7lLnCpSbTyY3yeU1Vc7l4KT5zT4s/yOxHH5O7tIuuLOCnLADRw==",
			"dev": true,
			"license": "MIT"
		},
		"node_modules/data-uri-to-buffer": {
			"version": "4.0.1",
			"resolved": "https://registry.npmjs.org/data-uri-to-buffer/-/data-uri-to-buffer-4.0.1.tgz",
			"integrity": "sha512-0R9ikRb668HB7QDxT1vkpuUBtqc53YyAwMwGeUFKRojY/NWKvdZ+9UYtRfGmhqNbRkTSVpMbmyhXipFFv2cb/A==",
			"license": "MIT",
			"engines": {
				"node": ">= 12"
			}
		},
		"node_modules/debug": {
			"version": "4.4.0",
			"resolved": "https://registry.npmjs.org/debug/-/debug-4.4.0.tgz",
			"integrity": "sha512-6WTZ/IxCY/T6BALoZHaE4ctp9xm+Z5kY/pzYaCHRFeyVhojxlrm+46y68HA6hr0TcwEssoxNiDEUJQjfPZ/RYA==",
			"license": "MIT",
			"dependencies": {
				"ms": "^2.1.3"
			},
			"engines": {
				"node": ">=6.0"
			},
			"peerDependenciesMeta": {
				"supports-color": {
					"optional": true
				}
			}
		},
		"node_modules/delayed-stream": {
			"version": "1.0.0",
			"resolved": "https://registry.npmjs.org/delayed-stream/-/delayed-stream-1.0.0.tgz",
			"integrity": "sha512-ZySD7Nf91aLB0RxL4KGrKHBXl7Eds1DAmEdcoVawXnLD7SDhpNgtuII2aAkg7a7QS41jxPSZ17p4VdGnMHk3MQ==",
			"license": "MIT",
			"engines": {
				"node": ">=0.4.0"
			}
		},
		"node_modules/dns-packet": {
			"version": "5.6.1",
			"resolved": "https://registry.npmjs.org/dns-packet/-/dns-packet-5.6.1.tgz",
			"integrity": "sha512-l4gcSouhcgIKRvyy99RNVOgxXiicE+2jZoNmaNmZ6JXiGajBOJAesk1OBlJuM5k2c+eudGdLxDqXuPCKIj6kpw==",
			"license": "MIT",
			"dependencies": {
				"@leichtgewicht/ip-codec": "^2.0.1"
			},
			"engines": {
				"node": ">=6"
			}
		},
		"node_modules/electron-to-chromium": {
			"version": "1.5.96",
			"resolved": "https://registry.npmjs.org/electron-to-chromium/-/electron-to-chromium-1.5.96.tgz",
			"integrity": "sha512-8AJUW6dh75Fm/ny8+kZKJzI1pgoE8bKLZlzDU2W1ENd+DXKJrx7I7l9hb8UWR4ojlnb5OlixMt00QWiYJoVw1w==",
			"dev": true,
			"license": "ISC"
		},
		"node_modules/escalade": {
			"version": "3.2.0",
			"resolved": "https://registry.npmjs.org/escalade/-/escalade-3.2.0.tgz",
			"integrity": "sha512-WUj2qlxaQtO4g6Pq5c29GTcWGDyd8itL8zTlipgECz3JesAiiOKotd8JU6otB3PACgG6xkJUyVhboMS+bje/jA==",
			"dev": true,
			"license": "MIT",
			"engines": {
				"node": ">=6"
			}
		},
		"node_modules/eventemitter3": {
			"version": "5.0.1",
			"resolved": "https://registry.npmjs.org/eventemitter3/-/eventemitter3-5.0.1.tgz",
			"integrity": "sha512-GWkBvjiSZK87ELrYOSESUYeVIc9mvLLf/nXalMOS5dYrgZq9o5OVkbZAVM06CVxYsCwH9BDZFPlQTlPA1j4ahA==",
			"license": "MIT"
		},
		"node_modules/fetch-blob": {
			"version": "3.2.0",
			"resolved": "https://registry.npmjs.org/fetch-blob/-/fetch-blob-3.2.0.tgz",
			"integrity": "sha512-7yAQpD2UMJzLi1Dqv7qFYnPbaPx7ZfFK6PiIxQ4PfkGPyNyl2Ugx+a/umUonmKqjhM4DnfbMvdX6otXq83soQQ==",
			"funding": [
				{
					"type": "github",
					"url": "https://github.com/sponsors/jimmywarting"
				},
				{
					"type": "paypal",
					"url": "https://paypal.me/jimmywarting"
				}
			],
			"license": "MIT",
			"dependencies": {
				"node-domexception": "^1.0.0",
				"web-streams-polyfill": "^3.0.3"
			},
			"engines": {
				"node": "^12.20 || >= 14.13"
			}
		},
		"node_modules/follow-redirects": {
			"version": "1.15.9",
			"resolved": "https://registry.npmjs.org/follow-redirects/-/follow-redirects-1.15.9.tgz",
			"integrity": "sha512-gew4GsXizNgdoRyqmyfMHyAmXsZDk6mHkSxZFCzW9gwlbtOW44CDtYavM+y+72qD/Vq2l550kMF52DT8fOLJqQ==",
			"funding": [
				{
					"type": "individual",
					"url": "https://github.com/sponsors/RubenVerborgh"
				}
			],
			"license": "MIT",
			"engines": {
				"node": ">=4.0"
			},
			"peerDependenciesMeta": {
				"debug": {
					"optional": true
				}
			}
		},
		"node_modules/form-data": {
			"version": "4.0.1",
			"resolved": "https://registry.npmjs.org/form-data/-/form-data-4.0.1.tgz",
			"integrity": "sha512-tzN8e4TX8+kkxGPK8D5u0FNmjPUjw3lwC9lSLxxoB/+GtsJG91CO8bSWy73APlgAZzZbXEYZJuxjkHH2w+Ezhw==",
			"license": "MIT",
			"dependencies": {
				"asynckit": "^0.4.0",
				"combined-stream": "^1.0.8",
				"mime-types": "^2.1.12"
			},
			"engines": {
				"node": ">= 6"
			}
		},
		"node_modules/formdata-polyfill": {
			"version": "4.0.10",
			"resolved": "https://registry.npmjs.org/formdata-polyfill/-/formdata-polyfill-4.0.10.tgz",
			"integrity": "sha512-buewHzMvYL29jdeQTVILecSaZKnt/RJWjoZCF5OW60Z67/GmSLBkOFM7qh1PI3zFNtJbaZL5eQu1vLfazOwj4g==",
			"license": "MIT",
			"dependencies": {
				"fetch-blob": "^3.1.2"
			},
			"engines": {
				"node": ">=12.20.0"
			}
		},
		"node_modules/fraction.js": {
			"version": "4.3.7",
			"resolved": "https://registry.npmjs.org/fraction.js/-/fraction.js-4.3.7.tgz",
			"integrity": "sha512-ZsDfxO51wGAXREY55a7la9LScWpwv9RxIrYABrlvOFBlH/ShPnrtsXeuUIfXKKOVicNxQ+o8JTbJvjS4M89yew==",
			"dev": true,
			"license": "MIT",
			"engines": {
				"node": "*"
			},
			"funding": {
				"type": "patreon",
				"url": "https://github.com/sponsors/rawify"
			}
		},
		"node_modules/graceful-fs": {
			"version": "4.2.11",
			"resolved": "https://registry.npmjs.org/graceful-fs/-/graceful-fs-4.2.11.tgz",
			"integrity": "sha512-RbJ5/jmFcNNCcDV5o9eTnBLJ/HszWV0P73bc+Ff4nS/rJj+YaS6IGyiOL0VoBYX+l1Wrl3k63h/KrH+nhJ0XvQ==",
			"license": "ISC"
		},
		"node_modules/hashlru": {
			"version": "2.3.0",
			"resolved": "https://registry.npmjs.org/hashlru/-/hashlru-2.3.0.tgz",
			"integrity": "sha512-0cMsjjIC8I+D3M44pOQdsy0OHXGLVz6Z0beRuufhKa0KfaD2wGwAev6jILzXsd3/vpnNQJmWyZtIILqM1N+n5A==",
			"license": "MIT"
		},
		"node_modules/ieee754": {
			"version": "1.2.1",
			"resolved": "https://registry.npmjs.org/ieee754/-/ieee754-1.2.1.tgz",
			"integrity": "sha512-dcyqhDvX1C46lXZcVqCpK+FtMRQVdIMN6/Df5js2zouUsqG7I6sFxitIC+7KYK29KdXOLHdu9zL4sFnoVQnqaA==",
			"funding": [
				{
					"type": "github",
					"url": "https://github.com/sponsors/feross"
				},
				{
					"type": "patreon",
					"url": "https://www.patreon.com/feross"
				},
				{
					"type": "consulting",
					"url": "https://feross.org/support"
				}
			],
			"license": "BSD-3-Clause"
		},
		"node_modules/is-ipfs": {
			"version": "8.0.4",
			"resolved": "https://registry.npmjs.org/is-ipfs/-/is-ipfs-8.0.4.tgz",
			"integrity": "sha512-upkO6a8WgBSZMMmuPzmF2NQLWXtiJtHxdEfEiMWrOzCKoZ+XEiM0XlK4fFMfo/PyiRmPMJ4PsNrXyvJeqMrJXA==",
			"license": "Apache-2.0 OR MIT",
			"dependencies": {
				"@multiformats/mafmt": "^12.1.6",
				"@multiformats/multiaddr": "^12.1.14",
				"iso-url": "^1.1.3",
				"multiformats": "^13.0.1",
				"uint8arrays": "^5.0.1"
			},
			"engines": {
				"node": ">=16.0.0",
				"npm": ">=7.0.0"
			}
		},
		"node_modules/iso-url": {
			"version": "1.2.1",
			"resolved": "https://registry.npmjs.org/iso-url/-/iso-url-1.2.1.tgz",
			"integrity": "sha512-9JPDgCN4B7QPkLtYAAOrEuAWvP9rWvR5offAr0/SeF046wIkglqH3VXgYYP6NcsKslH80UIVgmPqNe3j7tG2ng==",
			"license": "MIT",
			"engines": {
				"node": ">=12"
			}
		},
		"node_modules/it-pushable": {
			"version": "3.2.3",
			"resolved": "https://registry.npmjs.org/it-pushable/-/it-pushable-3.2.3.tgz",
			"integrity": "sha512-gzYnXYK8Y5t5b/BnJUr7glfQLO4U5vyb05gPx/TyTw+4Bv1zM9gFk4YsOrnulWefMewlphCjKkakFvj1y99Tcg==",
			"license": "Apache-2.0 OR MIT",
			"dependencies": {
				"p-defer": "^4.0.0"
			}
		},
		"node_modules/it-stream-types": {
			"version": "2.0.1",
			"resolved": "https://registry.npmjs.org/it-stream-types/-/it-stream-types-2.0.1.tgz",
			"integrity": "sha512-6DmOs5r7ERDbvS4q8yLKENcj6Yecr7QQTqWApbZdfAUTEC947d+PEha7PCqhm//9oxaLYL7TWRekwhoXl2s6fg==",
			"license": "Apache-2.0 OR MIT",
			"engines": {
				"node": ">=16.0.0",
				"npm": ">=7.0.0"
			}
		},
		"node_modules/joi": {
			"version": "17.13.3",
			"resolved": "https://registry.npmjs.org/joi/-/joi-17.13.3.tgz",
			"integrity": "sha512-otDA4ldcIx+ZXsKHWmp0YizCweVRZG96J10b0FevjfuncLO1oX59THoAmHkNubYJ+9gWsYsp5k8v4ib6oDv1fA==",
			"license": "BSD-3-Clause",
			"dependencies": {
				"@hapi/hoek": "^9.3.0",
				"@hapi/topo": "^5.1.0",
				"@sideway/address": "^4.1.5",
				"@sideway/formula": "^3.0.1",
				"@sideway/pinpoint": "^2.0.0"
			}
		},
		"node_modules/jose": {
			"version": "4.15.9",
			"resolved": "https://registry.npmjs.org/jose/-/jose-4.15.9.tgz",
			"integrity": "sha512-1vUQX+IdDMVPj4k8kOxgUqlcK518yluMuGZwqlr44FS1ppZB/5GWh4rZG89erpOBOJjU/OBsnCVFfapsRz6nEA==",
			"license": "MIT",
			"funding": {
				"url": "https://github.com/sponsors/panva"
			}
		},
		"node_modules/js-tokens": {
			"version": "4.0.0",
			"resolved": "https://registry.npmjs.org/js-tokens/-/js-tokens-4.0.0.tgz",
			"integrity": "sha512-RdJUflcE3cUzKiMqQgsCu06FPu9UdIJO0beYbPhHN4k6apgJtifcoCtT9bcxOpYBtpD2kCM6Sbzg4CausW/PKQ==",
			"license": "MIT"
		},
		"node_modules/loose-envify": {
			"version": "1.4.0",
			"resolved": "https://registry.npmjs.org/loose-envify/-/loose-envify-1.4.0.tgz",
			"integrity": "sha512-lyuxPGr/Wfhrlem2CL/UcnUc1zcqKAImBDzukY7Y5F/yQiNdko6+fRLevlw1HgMySw7f611UIY408EtxRSoK3Q==",
			"license": "MIT",
			"dependencies": {
				"js-tokens": "^3.0.0 || ^4.0.0"
			},
			"bin": {
				"loose-envify": "cli.js"
			}
		},
		"node_modules/lru-cache": {
			"version": "6.0.0",
			"resolved": "https://registry.npmjs.org/lru-cache/-/lru-cache-6.0.0.tgz",
			"integrity": "sha512-Jo6dJ04CmSjuznwJSS3pUeWmd/H0ffTlkXXgwZi+eq1UCmqQwCh+eLsYOYCwY991i2Fah4h1BEMCx4qThGbsiA==",
			"license": "ISC",
			"dependencies": {
				"yallist": "^4.0.0"
			},
			"engines": {
				"node": ">=10"
			}
		},
		"node_modules/mime-db": {
			"version": "1.52.0",
			"resolved": "https://registry.npmjs.org/mime-db/-/mime-db-1.52.0.tgz",
			"integrity": "sha512-sPU4uV7dYlvtWJxwwxHD0PuihVNiE7TyAbQ5SWxDCB9mUYvOgroQOwYQQOKPJ8CIbE+1ETVlOoK1UC2nU3gYvg==",
			"license": "MIT",
			"engines": {
				"node": ">= 0.6"
			}
		},
		"node_modules/mime-types": {
			"version": "2.1.35",
			"resolved": "https://registry.npmjs.org/mime-types/-/mime-types-2.1.35.tgz",
			"integrity": "sha512-ZDY+bPm5zTTF+YpCrAU9nK0UgICYPT0QtT1NZWFv4s++TNkcgVaT0g6+4R2uI4MjQjzysHB1zxuWL50hzaeXiw==",
			"license": "MIT",
			"dependencies": {
				"mime-db": "1.52.0"
			},
			"engines": {
				"node": ">= 0.6"
			}
		},
		"node_modules/ms": {
			"version": "2.1.3",
			"resolved": "https://registry.npmjs.org/ms/-/ms-2.1.3.tgz",
			"integrity": "sha512-6FlzubTLZG3J2a/NVCAleEhjzq5oxgHyaCU9yYXvcLsvoVaHJq/s5xXI6/XXP6tz7R9xAOtHnSO/tXtF3WRTlA==",
			"license": "MIT"
		},
		"node_modules/multiformats": {
			"version": "13.2.2",
			"resolved": "https://registry.npmjs.org/multiformats/-/multiformats-13.2.2.tgz",
			"integrity": "sha512-RWI+nyf0q64vyOxL8LbKtjJMki0sogRL/8axvklNtiTM0iFCVtHwME9w6+0P1/v4dQvsIg8A45oT3ka1t/M/+A==",
			"license": "Apache-2.0 OR MIT"
		},
		"node_modules/nanoid": {
			"version": "3.3.8",
			"resolved": "https://registry.npmjs.org/nanoid/-/nanoid-3.3.8.tgz",
			"integrity": "sha512-WNLf5Sd8oZxOm+TzppcYk8gVOgP+l58xNy58D0nbUnOxOWRWvlcCV4kUF7ltmI6PsrLl/BgKEyS4mqsGChFN0w==",
			"funding": [
				{
					"type": "github",
					"url": "https://github.com/sponsors/ai"
				}
			],
			"bin": {
				"nanoid": "bin/nanoid.cjs"
			},
			"engines": {
				"node": "^10 || ^12 || ^13.7 || ^14 || >=15.0.1"
			}
		},
		"node_modules/next": {
			"version": "14.2.23",
			"resolved": "https://registry.npmjs.org/next/-/next-14.2.23.tgz",
			"integrity": "sha512-mjN3fE6u/tynneLiEg56XnthzuYw+kD7mCujgVqioxyPqbmiotUCGJpIZGS/VaPg3ZDT1tvWxiVyRzeqJFm/kw==",
			"dependencies": {
				"@next/env": "14.2.23",
				"@swc/helpers": "0.5.5",
				"busboy": "1.6.0",
				"caniuse-lite": "^1.0.30001579",
				"graceful-fs": "^4.2.11",
				"postcss": "8.4.31",
				"styled-jsx": "5.1.1"
			},
			"bin": {
				"next": "dist/bin/next"
			},
			"engines": {
				"node": ">=18.17.0"
			},
			"optionalDependencies": {
				"@next/swc-darwin-arm64": "14.2.23",
				"@next/swc-darwin-x64": "14.2.23",
				"@next/swc-linux-arm64-gnu": "14.2.23",
				"@next/swc-linux-arm64-musl": "14.2.23",
				"@next/swc-linux-x64-gnu": "14.2.23",
				"@next/swc-linux-x64-musl": "14.2.23",
				"@next/swc-win32-arm64-msvc": "14.2.23",
				"@next/swc-win32-ia32-msvc": "14.2.23",
				"@next/swc-win32-x64-msvc": "14.2.23"
			},
			"peerDependencies": {
				"@opentelemetry/api": "^1.1.0",
				"@playwright/test": "^1.41.2",
				"react": "^18.2.0",
				"react-dom": "^18.2.0",
				"sass": "^1.3.0"
			},
			"peerDependenciesMeta": {
				"@opentelemetry/api": {
					"optional": true
				},
				"@playwright/test": {
					"optional": true
				},
				"sass": {
					"optional": true
				}
			}
		},
		"node_modules/next/node_modules/postcss": {
			"version": "8.4.31",
			"resolved": "https://registry.npmjs.org/postcss/-/postcss-8.4.31.tgz",
			"integrity": "sha512-PS08Iboia9mts/2ygV3eLpY5ghnUcfLV/EXTOW1E2qYxJKGGBUtNjN76FYHnMs36RmARn41bC0AZmn+rR0OVpQ==",
			"funding": [
				{
					"type": "opencollective",
					"url": "https://opencollective.com/postcss/"
				},
				{
					"type": "tidelift",
					"url": "https://tidelift.com/funding/github/npm/postcss"
				},
				{
					"type": "github",
					"url": "https://github.com/sponsors/ai"
				}
			],
			"license": "MIT",
			"dependencies": {
				"nanoid": "^3.3.6",
				"picocolors": "^1.0.0",
				"source-map-js": "^1.0.2"
			},
			"engines": {
				"node": "^10 || ^12 || >=14"
			}
		},
		"node_modules/node-domexception": {
			"version": "1.0.0",
			"resolved": "https://registry.npmjs.org/node-domexception/-/node-domexception-1.0.0.tgz",
			"integrity": "sha512-/jKZoMpw0F8GRwl4/eLROPA3cfcXtLApP0QzLmUT/HuPCZWyB7IY9ZrMeKw2O/nFIqPQB3PVM9aYm0F312AXDQ==",
			"funding": [
				{
					"type": "github",
					"url": "https://github.com/sponsors/jimmywarting"
				},
				{
					"type": "github",
					"url": "https://paypal.me/jimmywarting"
				}
			],
			"license": "MIT",
			"engines": {
				"node": ">=10.5.0"
			}
		},
		"node_modules/node-fetch": {
			"version": "3.3.2",
			"resolved": "https://registry.npmjs.org/node-fetch/-/node-fetch-3.3.2.tgz",
			"integrity": "sha512-dRB78srN/l6gqWulah9SrxeYnxeddIG30+GOqK/9OlLVyLg3HPnr6SqOWTWOXKRwC2eGYCkZ59NNuSgvSrpgOA==",
			"license": "MIT",
			"dependencies": {
				"data-uri-to-buffer": "^4.0.0",
				"fetch-blob": "^3.1.4",
				"formdata-polyfill": "^4.0.10"
			},
			"engines": {
				"node": "^12.20.0 || ^14.13.1 || >=16.0.0"
			},
			"funding": {
				"type": "opencollective",
				"url": "https://opencollective.com/node-fetch"
			}
		},
		"node_modules/node-releases": {
			"version": "2.0.19",
			"resolved": "https://registry.npmjs.org/node-releases/-/node-releases-2.0.19.tgz",
			"integrity": "sha512-xxOWJsBKtzAq7DY0J+DTzuz58K8e7sJbdgwkbMWQe8UYB6ekmsQ45q0M/tJDsGaZmbC+l7n57UV8Hl5tHxO9uw==",
			"dev": true,
			"license": "MIT"
		},
		"node_modules/normalize-range": {
			"version": "0.1.2",
			"resolved": "https://registry.npmjs.org/normalize-range/-/normalize-range-0.1.2.tgz",
			"integrity": "sha512-bdok/XvKII3nUpklnV6P2hxtMNrCboOjAcyBuQnWEhO665FwrSNRxU+AqpsyvO6LgGYPspN+lu5CLtw4jPRKNA==",
			"dev": true,
			"license": "MIT",
			"engines": {
				"node": ">=0.10.0"
			}
		},
		"node_modules/oauth4webapi": {
			"version": "2.17.0",
			"resolved": "https://registry.npmjs.org/oauth4webapi/-/oauth4webapi-2.17.0.tgz",
			"integrity": "sha512-lbC0Z7uzAFNFyzEYRIC+pkSVvDHJTbEW+dYlSBAlCYDe6RxUkJ26bClhk8ocBZip1wfI9uKTe0fm4Ib4RHn6uQ==",
			"license": "MIT",
			"funding": {
				"url": "https://github.com/sponsors/panva"
			}
		},
		"node_modules/object-hash": {
			"version": "2.2.0",
			"resolved": "https://registry.npmjs.org/object-hash/-/object-hash-2.2.0.tgz",
			"integrity": "sha512-gScRMn0bS5fH+IuwyIFgnh9zBdo4DV+6GhygmWM9HyNJSgS0hScp1f5vjtm7oIIOiT9trXrShAkLFSc2IqKNgw==",
			"license": "MIT",
			"engines": {
				"node": ">= 6"
			}
		},
		"node_modules/oidc-token-hash": {
			"version": "5.0.3",
			"resolved": "https://registry.npmjs.org/oidc-token-hash/-/oidc-token-hash-5.0.3.tgz",
			"integrity": "sha512-IF4PcGgzAr6XXSff26Sk/+P4KZFJVuHAJZj3wgO3vX2bMdNVp/QXTP3P7CEm9V1IdG8lDLY3HhiqpsE/nOwpPw==",
			"license": "MIT",
			"engines": {
				"node": "^10.13.0 || >=12.0.0"
			}
		},
		"node_modules/openid-client": {
			"version": "5.7.1",
			"resolved": "https://registry.npmjs.org/openid-client/-/openid-client-5.7.1.tgz",
			"integrity": "sha512-jDBPgSVfTnkIh71Hg9pRvtJc6wTwqjRkN88+gCFtYWrlP4Yx2Dsrow8uPi3qLr/aeymPF3o2+dS+wOpglK04ew==",
			"license": "MIT",
			"dependencies": {
				"jose": "^4.15.9",
				"lru-cache": "^6.0.0",
				"object-hash": "^2.2.0",
				"oidc-token-hash": "^5.0.3"
			},
			"funding": {
				"url": "https://github.com/sponsors/panva"
			}
		},
		"node_modules/p-defer": {
			"version": "4.0.1",
			"resolved": "https://registry.npmjs.org/p-defer/-/p-defer-4.0.1.tgz",
			"integrity": "sha512-Mr5KC5efvAK5VUptYEIopP1bakB85k2IWXaRC0rsh1uwn1L6M0LVml8OIQ4Gudg4oyZakf7FmeRLkMMtZW1i5A==",
			"license": "MIT",
			"engines": {
				"node": ">=12"
			},
			"funding": {
				"url": "https://github.com/sponsors/sindresorhus"
			}
		},
		"node_modules/p-queue": {
			"version": "8.0.1",
			"resolved": "https://registry.npmjs.org/p-queue/-/p-queue-8.0.1.tgz",
			"integrity": "sha512-NXzu9aQJTAzbBqOt2hwsR63ea7yvxJc0PwN/zobNAudYfb1B7R08SzB4TsLeSbUCuG467NhnoT0oO6w1qRO+BA==",
			"license": "MIT",
			"dependencies": {
				"eventemitter3": "^5.0.1",
				"p-timeout": "^6.1.2"
			},
			"engines": {
				"node": ">=18"
			},
			"funding": {
				"url": "https://github.com/sponsors/sindresorhus"
			}
		},
		"node_modules/p-timeout": {
			"version": "6.1.2",
			"resolved": "https://registry.npmjs.org/p-timeout/-/p-timeout-6.1.2.tgz",
			"integrity": "sha512-UbD77BuZ9Bc9aABo74gfXhNvzC9Tx7SxtHSh1fxvx3jTLLYvmVhiQZZrJzqqU0jKbN32kb5VOKiLEQI/3bIjgQ==",
			"license": "MIT",
			"engines": {
				"node": ">=14.16"
			},
			"funding": {
				"url": "https://github.com/sponsors/sindresorhus"
			}
		},
		"node_modules/picocolors": {
			"version": "1.1.1",
			"resolved": "https://registry.npmjs.org/picocolors/-/picocolors-1.1.1.tgz",
			"integrity": "sha512-xceH2snhtb5M9liqDsmEw56le376mTZkEX/jEb/RxNFyegNul7eNslCXP9FDj/Lcu0X8KEyMceP2ntpaHrDEVA==",
			"license": "ISC"
		},
		"node_modules/pinata": {
			"version": "0.1.10",
			"resolved": "https://registry.npmjs.org/pinata/-/pinata-0.1.10.tgz",
			"integrity": "sha512-9xC9GsPzXP6j3u0HIwEisj2bNXoAuA/hkxS0kJWwvE/GfiLNLrF1KKb6ZammdwslJVpQ4WBkRugWFzwPoDm9qA==",
			"license": "MIT",
			"dependencies": {
				"is-ipfs": "^8.0.4",
				"node-fetch": "^3.3.1"
			}
		},
		"node_modules/postcss": {
			"version": "8.5.1",
			"resolved": "https://registry.npmjs.org/postcss/-/postcss-8.5.1.tgz",
			"integrity": "sha512-6oz2beyjc5VMn/KV1pPw8fliQkhBXrVn1Z3TVyqZxU8kZpzEKhBdmCFqI6ZbmGtamQvQGuU1sgPTk8ZrXDD7jQ==",
			"dev": true,
			"funding": [
				{
					"type": "opencollective",
					"url": "https://opencollective.com/postcss/"
				},
				{
					"type": "tidelift",
					"url": "https://tidelift.com/funding/github/npm/postcss"
				},
				{
					"type": "github",
					"url": "https://github.com/sponsors/ai"
				}
			],
			"license": "MIT",
			"dependencies": {
				"nanoid": "^3.3.8",
				"picocolors": "^1.1.1",
				"source-map-js": "^1.2.1"
			},
			"engines": {
				"node": "^10 || ^12 || >=14"
			}
		},
		"node_modules/postcss-value-parser": {
			"version": "4.2.0",
			"resolved": "https://registry.npmjs.org/postcss-value-parser/-/postcss-value-parser-4.2.0.tgz",
			"integrity": "sha512-1NNCs6uurfkVbeXG4S8JFT9t19m45ICnif8zWLd5oPSZ50QnwMfK+H3jv408d4jw/7Bttv5axS5IiHoLaVNHeQ==",
			"dev": true,
			"license": "MIT"
		},
		"node_modules/progress-events": {
			"version": "1.0.1",
			"resolved": "https://registry.npmjs.org/progress-events/-/progress-events-1.0.1.tgz",
			"integrity": "sha512-MOzLIwhpt64KIVN64h1MwdKWiyKFNc/S6BoYKPIVUHFg0/eIEyBulhWCgn678v/4c0ri3FdGuzXymNCv02MUIw==",
			"license": "Apache-2.0 OR MIT"
		},
		"node_modules/proxy-from-env": {
			"version": "1.1.0",
			"resolved": "https://registry.npmjs.org/proxy-from-env/-/proxy-from-env-1.1.0.tgz",
			"integrity": "sha512-D+zkORCbA9f1tdWRK0RaCR3GPv50cMxcrz4X8k5LTSUD1Dkw47mKJEZQNunItRTkWwgtaUSo1RVFRIG9ZXiFYg==",
			"license": "MIT"
		},
		"node_modules/react": {
			"version": "18.3.1",
			"resolved": "https://registry.npmjs.org/react/-/react-18.3.1.tgz",
			"integrity": "sha512-wS+hAgJShR0KhEvPJArfuPVN1+Hz1t0Y6n5jLrGQbkb4urgPE/0Rve+1kMB1v/oWgHgm4WIcV+i7F2pTVj+2iQ==",
			"license": "MIT",
			"dependencies": {
				"loose-envify": "^1.1.0"
			},
			"engines": {
				"node": ">=0.10.0"
			}
		},
		"node_modules/react-dom": {
			"version": "18.3.1",
			"resolved": "https://registry.npmjs.org/react-dom/-/react-dom-18.3.1.tgz",
			"integrity": "sha512-5m4nQKp+rZRb09LNH59GM4BxTh9251/ylbKIbpe7TpGxfJ+9kv6BLkLBXIjjspbgbnIBNqlI23tRnTWT0snUIw==",
			"license": "MIT",
			"dependencies": {
				"loose-envify": "^1.1.0",
				"scheduler": "^0.23.2"
			},
			"peerDependencies": {
				"react": "^18.3.1"
			}
		},
		"node_modules/react-router": {
			"version": "7.1.5",
			"resolved": "https://registry.npmjs.org/react-router/-/react-router-7.1.5.tgz",
			"integrity": "sha512-8BUF+hZEU4/z/JD201yK6S+UYhsf58bzYIDq2NS1iGpwxSXDu7F+DeGSkIXMFBuHZB21FSiCzEcUb18cQNdRkA==",
			"license": "MIT",
			"dependencies": {
				"@types/cookie": "^0.6.0",
				"cookie": "^1.0.1",
				"set-cookie-parser": "^2.6.0",
				"turbo-stream": "2.4.0"
			},
			"engines": {
				"node": ">=20.0.0"
			},
			"peerDependencies": {
				"react": ">=18",
				"react-dom": ">=18"
			},
			"peerDependenciesMeta": {
				"react-dom": {
					"optional": true
				}
			}
		},
		"node_modules/react-router-dom": {
			"version": "7.1.5",
			"resolved": "https://registry.npmjs.org/react-router-dom/-/react-router-dom-7.1.5.tgz",
			"integrity": "sha512-/4f9+up0Qv92D3bB8iN5P1s3oHAepSGa9h5k6tpTFlixTTskJZwKGhJ6vRJ277tLD1zuaZTt95hyGWV1Z37csQ==",
			"license": "MIT",
			"dependencies": {
				"react-router": "7.1.5"
			},
			"engines": {
				"node": ">=20.0.0"
			},
			"peerDependencies": {
				"react": ">=18",
				"react-dom": ">=18"
			}
		},
		"node_modules/scheduler": {
			"version": "0.23.2",
			"resolved": "https://registry.npmjs.org/scheduler/-/scheduler-0.23.2.tgz",
			"integrity": "sha512-UOShsPwz7NrMUqhR6t0hWjFduvOzbtv7toDH1/hIrfRNIDBnnBWd0CwJTGvTpngVlmwGCdP9/Zl/tVrDqcuYzQ==",
			"license": "MIT",
			"dependencies": {
				"loose-envify": "^1.1.0"
			}
		},
		"node_modules/set-cookie-parser": {
			"version": "2.7.1",
			"resolved": "https://registry.npmjs.org/set-cookie-parser/-/set-cookie-parser-2.7.1.tgz",
			"integrity": "sha512-IOc8uWeOZgnb3ptbCURJWNjWUPcO3ZnTTdzsurqERrP6nPyv+paC55vJM0LpOlT2ne+Ix+9+CRG1MNLlyZ4GjQ==",
			"license": "MIT"
		},
		"node_modules/source-map-js": {
			"version": "1.2.1",
			"resolved": "https://registry.npmjs.org/source-map-js/-/source-map-js-1.2.1.tgz",
			"integrity": "sha512-UXWMKhLOwVKb728IUtQPXxfYU+usdybtUrK/8uGE8CQMvrhOpwvzDBwj0QhSL7MQc7vIsISBG8VQ8+IDQxpfQA==",
			"license": "BSD-3-Clause",
			"engines": {
				"node": ">=0.10.0"
			}
		},
		"node_modules/streamsearch": {
			"version": "1.1.0",
			"resolved": "https://registry.npmjs.org/streamsearch/-/streamsearch-1.1.0.tgz",
			"integrity": "sha512-Mcc5wHehp9aXz1ax6bZUyY5afg9u2rv5cqQI3mRrYkGC8rW2hM02jWuwjtL++LS5qinSyhj2QfLyNsuc+VsExg==",
			"engines": {
				"node": ">=10.0.0"
			}
		},
		"node_modules/styled-jsx": {
			"version": "5.1.1",
			"resolved": "https://registry.npmjs.org/styled-jsx/-/styled-jsx-5.1.1.tgz",
			"integrity": "sha512-pW7uC1l4mBZ8ugbiZrcIsiIvVx1UmTfw7UkC3Um2tmfUq9Bhk8IiyEIPl6F8agHgjzku6j0xQEZbfA5uSgSaCw==",
			"license": "MIT",
			"dependencies": {
				"client-only": "0.0.1"
			},
			"engines": {
				"node": ">= 12.0.0"
			},
			"peerDependencies": {
				"react": ">= 16.8.0 || 17.x.x || ^18.0.0-0"
			},
			"peerDependenciesMeta": {
				"@babel/core": {
					"optional": true
				},
				"babel-plugin-macros": {
					"optional": true
				}
			}
		},
		"node_modules/tailwindcss": {
			"version": "4.0.5",
			"resolved": "https://registry.npmjs.org/tailwindcss/-/tailwindcss-4.0.5.tgz",
			"integrity": "sha512-DZZIKX3tA23LGTjHdnwlJOTxfICD1cPeykLLsYF1RQBI9QsCR3i0szohJfJDVjr6aNRAIio5WVO7FGB77fRHwg==",
			"dev": true,
			"license": "MIT"
		},
		"node_modules/tslib": {
			"version": "2.6.3",
			"resolved": "https://registry.npmjs.org/tslib/-/tslib-2.6.3.tgz",
			"integrity": "sha512-xNvxJEOUiWPGhUuUdQgAJPKOOJfGnIyKySOc09XkKsgdUV/3E2zvwZYdejjmRgPCgcym1juLH3226yA7sEFJKQ==",
			"license": "0BSD"
		},
		"node_modules/turbo-stream": {
			"version": "2.4.0",
			"resolved": "https://registry.npmjs.org/turbo-stream/-/turbo-stream-2.4.0.tgz",
			"integrity": "sha512-FHncC10WpBd2eOmGwpmQsWLDoK4cqsA/UT/GqNoaKOQnT8uzhtCbg3EoUDMvqpOSAI0S26mr0rkjzbOO6S3v1g==",
			"license": "ISC"
		},
		"node_modules/typescript": {
			"version": "5.5.4",
			"resolved": "https://registry.npmjs.org/typescript/-/typescript-5.5.4.tgz",
			"integrity": "sha512-Mtq29sKDAEYP7aljRgtPOpTvOfbwRWlS6dPRzwjdE+C0R4brX/GUyhHSecbHMFLNBLcJIPt9nl9yG5TZ1weH+Q==",
			"dev": true,
			"license": "Apache-2.0",
			"bin": {
				"tsc": "bin/tsc",
				"tsserver": "bin/tsserver"
			},
			"engines": {
				"node": ">=14.17"
			}
		},
		"node_modules/uint8-varint": {
			"version": "2.0.4",
			"resolved": "https://registry.npmjs.org/uint8-varint/-/uint8-varint-2.0.4.tgz",
			"integrity": "sha512-FwpTa7ZGA/f/EssWAb5/YV6pHgVF1fViKdW8cWaEarjB8t7NyofSWBdOTyFPaGuUG4gx3v1O3PQ8etsiOs3lcw==",
			"license": "Apache-2.0 OR MIT",
			"dependencies": {
				"uint8arraylist": "^2.0.0",
				"uint8arrays": "^5.0.0"
			}
		},
		"node_modules/uint8arraylist": {
			"version": "2.4.8",
			"resolved": "https://registry.npmjs.org/uint8arraylist/-/uint8arraylist-2.4.8.tgz",
			"integrity": "sha512-vc1PlGOzglLF0eae1M8mLRTBivsvrGsdmJ5RbK3e+QRvRLOZfZhQROTwH/OfyF3+ZVUg9/8hE8bmKP2CvP9quQ==",
			"license": "Apache-2.0 OR MIT",
			"dependencies": {
				"uint8arrays": "^5.0.1"
			}
		},
		"node_modules/uint8arrays": {
			"version": "5.1.0",
			"resolved": "https://registry.npmjs.org/uint8arrays/-/uint8arrays-5.1.0.tgz",
			"integrity": "sha512-vA6nFepEmlSKkMBnLBaUMVvAC4G3CTmO58C12y4sq6WPDOR7mOFYOi7GlrQ4djeSbP6JG9Pv9tJDM97PedRSww==",
			"license": "Apache-2.0 OR MIT",
			"dependencies": {
				"multiformats": "^13.0.0"
			}
		},
		"node_modules/undici-types": {
			"version": "5.26.5",
			"resolved": "https://registry.npmjs.org/undici-types/-/undici-types-5.26.5.tgz",
			"integrity": "sha512-JlCMO+ehdEIKqlFxk6IfVoAUVmgz7cU7zD/h9XZ0qzeosSHmUJVOzSQvvYSYWXkFXC+IfLKSIffhv0sVZup6pA==",
			"license": "MIT"
		},
		"node_modules/update-browserslist-db": {
			"version": "1.1.2",
			"resolved": "https://registry.npmjs.org/update-browserslist-db/-/update-browserslist-db-1.1.2.tgz",
			"integrity": "sha512-PPypAm5qvlD7XMZC3BujecnaOxwhrtoFR+Dqkk5Aa/6DssiH0ibKoketaj9w8LP7Bont1rYeoV5plxD7RTEPRg==",
			"dev": true,
			"funding": [
				{
					"type": "opencollective",
					"url": "https://opencollective.com/browserslist"
				},
				{
					"type": "tidelift",
					"url": "https://tidelift.com/funding/github/npm/browserslist"
				},
				{
					"type": "github",
					"url": "https://github.com/sponsors/ai"
				}
			],
			"license": "MIT",
			"dependencies": {
				"escalade": "^3.2.0",
				"picocolors": "^1.1.1"
			},
			"bin": {
				"update-browserslist-db": "cli.js"
			},
			"peerDependencies": {
				"browserslist": ">= 4.21.0"
			}
		},
		"node_modules/url-join": {
			"version": "4.0.1",
			"resolved": "https://registry.npmjs.org/url-join/-/url-join-4.0.1.tgz",
			"integrity": "sha512-jk1+QP6ZJqyOiuEI9AEWQfju/nB2Pw466kbA0LEZljHwKeMgd9WrAEgEGxjPDD2+TNbbb37rTyhEfrCXfuKXnA==",
			"license": "MIT"
		},
		"node_modules/web-streams-polyfill": {
			"version": "3.3.3",
			"resolved": "https://registry.npmjs.org/web-streams-polyfill/-/web-streams-polyfill-3.3.3.tgz",
			"integrity": "sha512-d2JWLCivmZYTSIoge9MsgFCZrt571BikcWGYkjC1khllbTeDlGqZ2D8vD8E/lJa8WGWbb7Plm8/XJYV7IJHZZw==",
			"license": "MIT",
			"engines": {
				"node": ">= 8"
			}
		},
		"node_modules/yallist": {
			"version": "4.0.0",
			"resolved": "https://registry.npmjs.org/yallist/-/yallist-4.0.0.tgz",
			"integrity": "sha512-3wdGidZyq5PB084XLES5TpOSRA3wjXAlIWMhum2kRcv/41Sn2emQ0dycQW4uZXLejwKvg6EsvbdlVL+FYEct7A==",
			"license": "ISC"
		}
	}
}
